
Microsoft Visual Studio Solution File, Format Version 12.00
# Visual Studio Version 17
VisualStudioVersion = 17.1.32319.34
MinimumVisualStudioVersion = 10.0.40219.1
Project("{FAE04EC0-301F-11D3-BF4B-00C04F79EFBC}") = "PantallaGestionUsuarios", "PantallaGestionUsuarios\PantallaGestionUsuarios.csproj", "{1DE7B47D-F138-4698-B616-7A9290DB9768}"
EndProject
Global
	GlobalSection(SolutionConfigurationPlatforms) = preSolution
		Debug|Any CPU = Debug|Any CPU
		Release|Any CPU = Release|Any CPU
	EndGlobalSection
	GlobalSection(ProjectConfigurationPlatforms) = postSolution
		{1DE7B47D-F138-4698-B616-7A9290DB9768}.Debug|Any CPU.ActiveCfg = Debug|Any CPU
		{1DE7B47D-F138-4698-B616-7A9290DB9768}.Debug|Any CPU.Build.0 = Debug|Any CPU
		{1DE7B47D-F138-4698-B616-7A9290DB9768}.Release|Any CPU.ActiveCfg = Release|Any CPU
		{1DE7B47D-F138-4698-B616-7A9290DB9768}.Release|Any CPU.Build.0 = Release|Any CPU
	EndGlobalSection
	GlobalSection(SolutionProperties) = preSolution
		HideSolutionNode = FALSE
	EndGlobalSection
	GlobalSection(ExtensibilityGlobals) = postSolution
		SolutionGuid = {E381EF12-DB95-4DAB-AFB5-506BCF895653}
	EndGlobalSection
EndGlobal
